
Microsoft Visual Studio Solution File, Format Version 12.00
# Visual Studio Version 17
VisualStudioVersion = 17.14.36301.6 d17.14
MinimumVisualStudioVersion = 10.0.40219.1
Project("{FAE04EC0-301F-11D3-BF4B-00C04F79EFBC}") = "TodoList.Api", "TodoList.Api\TodoList.Api.csproj", "{DA994C74-B71F-4140-A2A3-FA4028A17C9F}"
EndProject
Project("{2150E333-8FDC-42A3-9474-1A3956D46DE8}") = "Itens de Solução", "Itens de Solução", "{380A7511-A354-6D7A-0CC0-8FA1F1BA7B6C}"
	ProjectSection(SolutionItems) = preProject
		docker-compose.yml = docker-compose.yml
	EndProjectSection
EndProject
Global
	GlobalSection(SolutionConfigurationPlatforms) = preSolution
		Debug|Any CPU = Debug|Any CPU
		Release|Any CPU = Release|Any CPU
	EndGlobalSection
	GlobalSection(ProjectConfigurationPlatforms) = postSolution
		{DA994C74-B71F-4140-A2A3-FA4028A17C9F}.Debug|Any CPU.ActiveCfg = Debug|Any CPU
		{DA994C74-B71F-4140-A2A3-FA4028A17C9F}.Debug|Any CPU.Build.0 = Debug|Any CPU
		{DA994C74-B71F-4140-A2A3-FA4028A17C9F}.Release|Any CPU.ActiveCfg = Release|Any CPU
		{DA994C74-B71F-4140-A2A3-FA4028A17C9F}.Release|Any CPU.Build.0 = Release|Any CPU
	EndGlobalSection
	GlobalSection(SolutionProperties) = preSolution
		HideSolutionNode = FALSE
	EndGlobalSection
	GlobalSection(ExtensibilityGlobals) = postSolution
		SolutionGuid = {F4835CAD-41C9-4AB3-8D2A-7B81B681F9DE}
	EndGlobalSection
EndGlobal
